
Microsoft Visual Studio Solution File, Format Version 12.00
# Visual Studio Version 17
VisualStudioVersion = 17.4.33122.133
MinimumVisualStudioVersion = 10.0.40219.1
Project("{FAE04EC0-301F-11D3-BF4B-00C04F79EFBC}") = "LibraryProject1", "LibraryProject1.csproj", "{D55A049A-7C90-4CD7-9BBB-D2930F531EBC}"
EndProject
Global
	GlobalSection(SolutionConfigurationPlatforms) = preSolution
		Debug|Any CPU = Debug|Any CPU
		Release|Any CPU = Release|Any CPU
	EndGlobalSection
	GlobalSection(ProjectConfigurationPlatforms) = postSolution
		{D55A049A-7C90-4CD7-9BBB-D2930F531EBC}.Debug|Any CPU.ActiveCfg = Debug|Any CPU
		{D55A049A-7C90-4CD7-9BBB-D2930F531EBC}.Debug|Any CPU.Build.0 = Debug|Any CPU
		{D55A049A-7C90-4CD7-9BBB-D2930F531EBC}.Release|Any CPU.ActiveCfg = Release|Any CPU
		{D55A049A-7C90-4CD7-9BBB-D2930F531EBC}.Release|Any CPU.Build.0 = Release|Any CPU
	EndGlobalSection
	GlobalSection(SolutionProperties) = preSolution
		HideSolutionNode = FALSE
	EndGlobalSection
	GlobalSection(ExtensibilityGlobals) = postSolution
		SolutionGuid = {F42C5C73-77A1-45C0-977C-FA64CD5488CC}
	EndGlobalSection
EndGlobal
