
Microsoft Visual Studio Solution File, Format Version 12.00
# Visual Studio Version 17
VisualStudioVersion = 17.4.33122.133
MinimumVisualStudioVersion = 10.0.40219.1
Project("{FAE04EC0-301F-11D3-BF4B-00C04F79EFBC}") = "LibraryProject", "LibraryProject.csproj", "{8D88D4CE-E90E-4D9C-B6D9-26DA9BA55108}"
EndProject
Global
	GlobalSection(SolutionConfigurationPlatforms) = preSolution
		Debug|Any CPU = Debug|Any CPU
		Release|Any CPU = Release|Any CPU
	EndGlobalSection
	GlobalSection(ProjectConfigurationPlatforms) = postSolution
		{8D88D4CE-E90E-4D9C-B6D9-26DA9BA55108}.Debug|Any CPU.ActiveCfg = Debug|Any CPU
		{8D88D4CE-E90E-4D9C-B6D9-26DA9BA55108}.Debug|Any CPU.Build.0 = Debug|Any CPU
		{8D88D4CE-E90E-4D9C-B6D9-26DA9BA55108}.Release|Any CPU.ActiveCfg = Release|Any CPU
		{8D88D4CE-E90E-4D9C-B6D9-26DA9BA55108}.Release|Any CPU.Build.0 = Release|Any CPU
	EndGlobalSection
	GlobalSection(SolutionProperties) = preSolution
		HideSolutionNode = FALSE
	EndGlobalSection
	GlobalSection(ExtensibilityGlobals) = postSolution
		SolutionGuid = {068509C4-6D97-4176-A544-48F849C3AC16}
	EndGlobalSection
EndGlobal
